
Microsoft Visual Studio Solution File, Format Version 12.00
# Visual Studio Version 17
VisualStudioVersion = 17.7.34221.43
MinimumVisualStudioVersion = 10.0.40219.1
Project("{8BC9CEB8-8B4A-11D0-8D11-00A0C91BC942}") = "ModernC-intMain", "ModernC-intMain\ModernC-intMain.vcxproj", "{F17AD596-C626-4274-8EBF-072117CCCA34}"
EndProject
Global
	GlobalSection(SolutionConfigurationPlatforms) = preSolution
		Debug|x64 = Debug|x64
		Release|x64 = Release|x64
	EndGlobalSection
	GlobalSection(ProjectConfigurationPlatforms) = postSolution
		{F17AD596-C626-4274-8EBF-072117CCCA34}.Debug|x64.ActiveCfg = Debug|x64
		{F17AD596-C626-4274-8EBF-072117CCCA34}.Debug|x64.Build.0 = Debug|x64
		{F17AD596-C626-4274-8EBF-072117CCCA34}.Release|x64.ActiveCfg = Release|x64
		{F17AD596-C626-4274-8EBF-072117CCCA34}.Release|x64.Build.0 = Release|x64
	EndGlobalSection
	GlobalSection(SolutionProperties) = preSolution
		HideSolutionNode = FALSE
	EndGlobalSection
	GlobalSection(ExtensibilityGlobals) = postSolution
		SolutionGuid = {B946AF3B-83A5-41C0-90B7-730665FA983A}
	EndGlobalSection
EndGlobal
